{
    "_readme": [
        "This file locks the dependencies of your project to a known state",
        "Read more about it at https://getcomposer.org/doc/01-basic-usage.md#composer-lock-the-lock-file",
        "This file is @generated automatically"
    ],
    "hash": "9503091884231825142aeef701596b37",
    "content-hash": "676403b711d1fa45ed599a70fd2ec0d1",
    "packages": [
        {
            "name": "ezyang/htmlpurifier",
            "version": "v4.7.0",
            "source": {
                "type": "git",
                "url": "https://github.com/ezyang/htmlpurifier.git",
                "reference": "ae1828d955112356f7677c465f94f7deb7d27a40"
            },
            "dist": {
                "type": "zip",
                "url": "https://api.github.com/repos/ezyang/htmlpurifier/zipball/ae1828d955112356f7677c465f94f7deb7d27a40",
                "reference": "ae1828d955112356f7677c465f94f7deb7d27a40",
                "shasum": ""
            },
            "require": {
                "php": ">=5.2"
            },
            "type": "library",
            "autoload": {
                "psr-0": {
                    "HTMLPurifier": "library/"
                },
                "files": [
                    "library/HTMLPurifier.composer.php"
                ]
            },
            "notification-url": "https://packagist.org/downloads/",
            "license": [
                "LGPL"
            ],
            "authors": [
                {
                    "name": "Edward Z. Yang",
                    "email": "admin@htmlpurifier.org",
                    "homepage": "http://ezyang.com"
                }
            ],
            "description": "Standards compliant HTML filter written in PHP",
            "homepage": "http://htmlpurifier.org/",
            "keywords": [
                "html"
            ],
            "time": "2015-08-05 01:03:42"
        },
        {
            "name": "unl/php-dwt-parser",
            "version": "v1.0.1",
            "source": {
                "type": "git",
                "url": "https://github.com/unl/phpdwtparser.git",
                "reference": "1de8770c4d8675771d1529c2f81d96e0aa51931f"
            },
            "dist": {
                "type": "zip",
                "url": "https://api.github.com/repos/unl/phpdwtparser/zipball/1de8770c4d8675771d1529c2f81d96e0aa51931f",
                "reference": "1de8770c4d8675771d1529c2f81d96e0aa51931f",
                "shasum": ""
            },
            "require": {
                "php": ">=5.5",
                "zaininnari/html-minifier": "*",
                "zendframework/zend-code": "^2.5"
            },
            "require-dev": {
                "phpunit/phpunit": "~4.0"
            },
            "bin": [
                "bin/createTemplates.php"
            ],
            "type": "library",
            "autoload": {
                "psr-4": {
                    "UNL\\DWT\\": "src/"
                }
            },
            "notification-url": "https://packagist.org/downloads/",
            "license": [
                "BSD-3-Clause"
            ],
            "authors": [
                {
                    "name": "Kevin Abel (kabel)",
                    "email": "kabel2@unl.edu",
                    "role": "Developer"
                },
                {
                    "name": "Brett Bieber (saltybeagle)",
                    "email": "brett.bieber@gmail.com",
                    "role": "Retired Developer"
                }
            ],
            "description": "A PHP library for parsing DWT files and turning them into PHP classes",
            "homepage": "http://wdn.unl.edu/",
            "time": "2016-01-05 21:35:46"
        },
        {
            "name": "unl/php-wdn-templates",
            "version": "v4.1.0",
            "source": {
                "type": "git",
                "url": "https://github.com/unl/phpunltemplates.git",
                "reference": "ddece80fce8611c22fa674a0f36eac3ddf4ca423"
            },
            "dist": {
                "type": "zip",
                "url": "https://api.github.com/repos/unl/phpunltemplates/zipball/ddece80fce8611c22fa674a0f36eac3ddf4ca423",
                "reference": "ddece80fce8611c22fa674a0f36eac3ddf4ca423",
                "shasum": ""
            },
            "require": {
                "php": ">=5.5",
                "unl/php-dwt-parser": "1.0.*"
            },
            "require-dev": {
                "phpunit/phpunit": "~4.0",
                "satooshi/php-coveralls": "^0.7.0"
            },
            "type": "library",
            "autoload": {
                "psr-4": {
                    "UNL\\Templates\\": "src/"
                }
            },
            "notification-url": "https://packagist.org/downloads/",
            "license": [
                "BSD-3-Clause"
            ],
            "authors": [
                {
                    "name": "Kevin Abel (kabel)",
                    "email": "kabel2@unl.edu",
                    "role": "Developer"
                },
                {
                    "name": "Brett Bieber (saltybeagle)",
                    "email": "brett.bieber@gmail.com",
                    "role": "Retired Developer"
                },
                {
                    "name": "Ned Hummel (nhummel2)",
                    "email": "nhummel2@math.unl.edu",
                    "role": "Retired Developer"
                }
            ],
            "description": "A PHP library for rendering the UNL templates",
            "homepage": "http://wdn.unl.edu/",
            "time": "2015-12-15 00:14:04"
        },
        {
            "name": "widop/google-analytics",
            "version": "1.0.0",
            "source": {
                "type": "git",
                "url": "https://github.com/widop/google-analytics.git",
                "reference": "b8c7f0d15dab31e94350c35f2a3dc1cf6aab4ac9"
            },
            "dist": {
                "type": "zip",
                "url": "https://api.github.com/repos/widop/google-analytics/zipball/b8c7f0d15dab31e94350c35f2a3dc1cf6aab4ac9",
                "reference": "b8c7f0d15dab31e94350c35f2a3dc1cf6aab4ac9",
                "shasum": ""
            },
            "require": {
                "php": ">=5.3.3",
                "widop/http-adapter": "1.0.*"
            },
            "require-dev": {
                "phpunit/phpunit": "3.7.*"
            },
            "type": "library",
            "extra": {
                "branch-alias": {
                    "dev-master": "1.0-dev"
                }
            },
            "autoload": {
                "psr-0": {
                    "Widop\\GoogleAnalytics": "src/"
                }
            },
            "notification-url": "https://packagist.org/downloads/",
            "license": [
                "MIT"
            ],
            "authors": [
                {
                    "name": "Eric GELOEN",
                    "email": "geloen.eric@gmail.com"
                },
                {
                    "name": "Widop",
                    "email": "contact@widop.com"
                }
            ],
            "description": "Google certificate-based authentication in server-to-server interactions with google analytics",
            "keywords": [
                "analytics",
                "google",
                "server"
            ],
            "time": "2013-09-22 11:44:02"
        },
        {
            "name": "widop/http-adapter",
            "version": "1.0.2",
            "source": {
                "type": "git",
                "url": "https://github.com/widop/http-adapter.git",
                "reference": "0a30815a70de92e24d9c08af4494730a25cad5d2"
            },
            "dist": {
                "type": "zip",
                "url": "https://api.github.com/repos/widop/http-adapter/zipball/0a30815a70de92e24d9c08af4494730a25cad5d2",
                "reference": "0a30815a70de92e24d9c08af4494730a25cad5d2",
                "shasum": ""
            },
            "require": {
                "php": ">=5.3.3"
            },
            "require-dev": {
                "ext-curl": "*",
                "guzzle/guzzle": "*",
                "kriswallsmith/buzz": "*",
                "phpunit/phpunit": "3.7.*",
                "zendframework/zend-http": "*"
            },
            "suggest": {
                "ext-curl": "Allows you to use cURL adapter",
                "guzzle/guzzle": "Allows you to use Guzzle adapter",
                "kriswallsmith/buzz": "Allows you to use Buzz adapter",
                "zendframework/zend-http": "Allows you to use Zend adapter"
            },
            "type": "library",
            "extra": {
                "branch-alias": {
                    "dev-master": "1.0-dev"
                }
            },
            "autoload": {
                "psr-0": {
                    "Widop\\HttpAdapter": "src/"
                }
            },
            "notification-url": "https://packagist.org/downloads/",
            "license": [
                "MIT"
            ],
            "authors": [
                {
                    "name": "Eric GELOEN",
                    "email": "geloen.eric@gmail.com"
                },
                {
                    "name": "Widop",
                    "email": "contact@widop.com"
                }
            ],
            "description": "Issue HTTP request.",
            "keywords": [
                "http",
                "request"
            ],
            "time": "2013-10-30 15:38:45"
        },
        {
            "name": "zaininnari/html-minifier",
            "version": "0.4.2",
            "source": {
                "type": "git",
                "url": "https://github.com/zaininnari/html-minifier.git",
                "reference": "5b94d85705626f9bb33b7c667bc4400088ed4ece"
            },
            "dist": {
                "type": "zip",
                "url": "https://api.github.com/repos/zaininnari/html-minifier/zipball/5b94d85705626f9bb33b7c667bc4400088ed4ece",
                "reference": "5b94d85705626f9bb33b7c667bc4400088ed4ece",
                "shasum": ""
            },
            "require": {
                "php": ">=5.3.0"
            },
            "require-dev": {
                "satooshi/php-coveralls": "dev-master"
            },
            "type": "library",
            "autoload": {
                "psr-0": {
                    "zz": "src/"
                }
            },
            "notification-url": "https://packagist.org/downloads/",
            "license": [
                "The BSD 3-Clause License"
            ],
            "authors": [
                {
                    "name": "Google inc",
                    "homepage": "http://www.chromium.org/blink",
                    "role": "Author"
                },
                {
                    "name": "zaininnari",
                    "homepage": "https://github.com/zaininnari/",
                    "role": "Developer"
                }
            ],
            "description": "The Blink HTMLTokenizer ported to PHP.",
            "homepage": "https://github.com/zaininnari/html-minifier",
            "keywords": [
                "Blink",
                "HTML minify",
                "php"
            ],
            "time": "2015-08-18 14:10:55"
        },
        {
            "name": "zendframework/zend-code",
            "version": "2.6.2",
            "source": {
                "type": "git",
                "url": "https://github.com/zendframework/zend-code.git",
                "reference": "c4e8f976a772cfb14b47dabd69b5245a423082b4"
            },
            "dist": {
                "type": "zip",
                "url": "https://api.github.com/repos/zendframework/zend-code/zipball/c4e8f976a772cfb14b47dabd69b5245a423082b4",
                "reference": "c4e8f976a772cfb14b47dabd69b5245a423082b4",
                "shasum": ""
            },
            "require": {
                "php": ">=5.5",
                "zendframework/zend-eventmanager": "^2.6|^3.0"
            },
            "require-dev": {
                "doctrine/annotations": "~1.0",
                "fabpot/php-cs-fixer": "1.7.*",
                "phpunit/phpunit": "~4.0",
                "zendframework/zend-stdlib": "~2.7"
            },
            "suggest": {
                "doctrine/annotations": "Doctrine\\Common\\Annotations >=1.0 for annotation features",
                "zendframework/zend-stdlib": "Zend\\Stdlib component"
            },
            "type": "library",
            "extra": {
                "branch-alias": {
                    "dev-master": "2.6-dev",
                    "dev-develop": "2.7-dev"
                }
            },
            "autoload": {
                "psr-4": {
                    "Zend\\Code\\": "src/"
                }
            },
            "notification-url": "https://packagist.org/downloads/",
            "license": [
                "BSD-3-Clause"
            ],
            "description": "provides facilities to generate arbitrary code using an object oriented interface",
            "homepage": "https://github.com/zendframework/zend-code",
            "keywords": [
                "code",
                "zf2"
            ],
            "time": "2016-01-05 05:58:37"
        },
        {
            "name": "zendframework/zend-eventmanager",
            "version": "3.0.0",
            "source": {
                "type": "git",
                "url": "https://github.com/zendframework/zend-eventmanager.git",
                "reference": "8c9917f1595ff260f289439bdeb1f46500c65d62"
            },
            "dist": {
                "type": "zip",
                "url": "https://api.github.com/repos/zendframework/zend-eventmanager/zipball/8c9917f1595ff260f289439bdeb1f46500c65d62",
                "reference": "8c9917f1595ff260f289439bdeb1f46500c65d62",
                "shasum": ""
            },
            "require": {
                "php": "^5.5 || ^7.0"
            },
            "require-dev": {
                "athletic/athletic": "^0.1",
                "container-interop/container-interop": "^1.1.0",
                "phpunit/phpunit": "~4.0",
                "squizlabs/php_codesniffer": "^2.0",
                "zendframework/zend-stdlib": "^2.7.3"
            },
            "suggest": {
                "container-interop/container-interop": "^1.1.0, to use the lazy listeners feature",
                "zendframework/zend-stdlib": "^2.7.3, to use the FilterChain feature"
            },
            "type": "library",
            "extra": {
                "branch-alias": {
                    "dev-master": "3.0-dev",
                    "dev-develop": "3.1-dev"
                }
            },
            "autoload": {
                "psr-4": {
                    "Zend\\EventManager\\": "src/"
                }
            },
            "notification-url": "https://packagist.org/downloads/",
            "license": [
                "BSD-3-Clause"
            ],
            "description": "Trigger and listen to events within a PHP application",
            "homepage": "https://github.com/zendframework/zend-eventmanager",
            "keywords": [
                "event",
                "eventmanager",
                "events",
                "zf2"
            ],
            "time": "2016-01-12 23:27:48"
        }
    ],
    "packages-dev": [],
    "aliases": [],
    "minimum-stability": "dev",
    "stability-flags": [],
    "prefer-stable": true,
    "prefer-lowest": false,
    "platform": [],
    "platform-dev": []
}
